// !$*UTF8*$!
{
	archiveVersion = 1;
	classes = {
	};
	objectVersion = 50;
	objects = {

/* Begin PBXBuildFile section */
		1CC705D52389399300D5567D /* Receipt.swift in Sources */ = {isa = PBXBuildFile; fileRef = 1CC705D42389399300D5567D /* Receipt.swift */; };
		1CC705D7238939B800D5567D /* test.swift in Sources */ = {isa = PBXBuildFile; fileRef = 1CC705D6238939B800D5567D /* test.swift */; };
		2EBDB9FD2388F14200A58394 /* BudgetViewController.swift in Sources */ = {isa = PBXBuildFile; fileRef = 2EBDB9FC2388F14200A58394 /* BudgetViewController.swift */; };
		2EBDBA032388FAF700A58394 /* Extensions.swift in Sources */ = {isa = PBXBuildFile; fileRef = 2EBDBA022388FAF700A58394 /* Extensions.swift */; };
		2EE6BDEE2388EFCB0046B5C8 /* AppDelegate.swift in Sources */ = {isa = PBXBuildFile; fileRef = 2EE6BDED2388EFCB0046B5C8 /* AppDelegate.swift */; };
		2EE6BDF02388EFCB0046B5C8 /* SceneDelegate.swift in Sources */ = {isa = PBXBuildFile; fileRef = 2EE6BDEF2388EFCB0046B5C8 /* SceneDelegate.swift */; };
		2EE6BDF52388EFCB0046B5C8 /* Main.storyboard in Resources */ = {isa = PBXBuildFile; fileRef = 2EE6BDF32388EFCB0046B5C8 /* Main.storyboard */; };
		2EE6BDF72388EFCC0046B5C8 /* Assets.xcassets in Resources */ = {isa = PBXBuildFile; fileRef = 2EE6BDF62388EFCC0046B5C8 /* Assets.xcassets */; };
		2EE6BDFA2388EFCC0046B5C8 /* LaunchScreen.storyboard in Resources */ = {isa = PBXBuildFile; fileRef = 2EE6BDF82388EFCC0046B5C8 /* LaunchScreen.storyboard */; };
		2EE6BE052388EFCC0046B5C8 /* YouthHacksTests.swift in Sources */ = {isa = PBXBuildFile; fileRef = 2EE6BE042388EFCC0046B5C8 /* YouthHacksTests.swift */; };
		2EE6BE102388EFCC0046B5C8 /* YouthHacksUITests.swift in Sources */ = {isa = PBXBuildFile; fileRef = 2EE6BE0F2388EFCC0046B5C8 /* YouthHacksUITests.swift */; };
/* End PBXBuildFile section */

/* Begin PBXContainerItemProxy section */
		2EE6BE012388EFCC0046B5C8 /* PBXContainerItemProxy */ = {
			isa = PBXContainerItemProxy;
			containerPortal = 2EE6BDE22388EFCB0046B5C8 /* Project object */;
			proxyType = 1;
			remoteGlobalIDString = 2EE6BDE92388EFCB0046B5C8;
			remoteInfo = YouthHacks;
		};
		2EE6BE0C2388EFCC0046B5C8 /* PBXContainerItemProxy */ = {
			isa = PBXContainerItemProxy;
			containerPortal = 2EE6BDE22388EFCB0046B5C8 /* Project object */;
			proxyType = 1;
			remoteGlobalIDString = 2EE6BDE92388EFCB0046B5C8;
			remoteInfo = YouthHacks;
		};
/* End PBXContainerItemProxy section */

/* Begin PBXFileReference section */
		1CC705D42389399300D5567D /* Receipt.swift */ = {isa = PBXFileReference; lastKnownFileType = sourcecode.swift; path = Receipt.swift; sourceTree = "<group>"; };
		1CC705D6238939B800D5567D /* test.swift */ = {isa = PBXFileReference; lastKnownFileType = sourcecode.swift; path = test.swift; sourceTree = "<group>"; };
		1CFC292623893ECF00646822 /* YouthHacksDebug.entitlements */ = {isa = PBXFileReference; lastKnownFileType = text.plist.entitlements; path = YouthHacksDebug.entitlements; sourceTree = "<group>"; };
		2EBDB9FC2388F14200A58394 /* BudgetViewController.swift */ = {isa = PBXFileReference; lastKnownFileType = sourcecode.swift; path = BudgetViewController.swift; sourceTree = "<group>"; };
		2EBDBA022388FAF700A58394 /* Extensions.swift */ = {isa = PBXFileReference; lastKnownFileType = sourcecode.swift; path = Extensions.swift; sourceTree = "<group>"; };
		2EE6BDEA2388EFCB0046B5C8 /* YouthHacks.app */ = {isa = PBXFileReference; explicitFileType = wrapper.application; includeInIndex = 0; path = YouthHacks.app; sourceTree = BUILT_PRODUCTS_DIR; };
		2EE6BDED2388EFCB0046B5C8 /* AppDelegate.swift */ = {isa = PBXFileReference; lastKnownFileType = sourcecode.swift; path = AppDelegate.swift; sourceTree = "<group>"; };
		2EE6BDEF2388EFCB0046B5C8 /* SceneDelegate.swift */ = {isa = PBXFileReference; lastKnownFileType = sourcecode.swift; path = SceneDelegate.swift; sourceTree = "<group>"; };
		2EE6BDF42388EFCB0046B5C8 /* Base */ = {isa = PBXFileReference; lastKnownFileType = file.storyboard; name = Base; path = Base.lproj/Main.storyboard; sourceTree = "<group>"; };
		2EE6BDF62388EFCC0046B5C8 /* Assets.xcassets */ = {isa = PBXFileReference; lastKnownFileType = folder.assetcatalog; path = Assets.xcassets; sourceTree = "<group>"; };
		2EE6BDF92388EFCC0046B5C8 /* Base */ = {isa = PBXFileReference; lastKnownFileType = file.storyboard; name = Base; path = Base.lproj/LaunchScreen.storyboard; sourceTree = "<group>"; };
		2EE6BDFB2388EFCC0046B5C8 /* Info.plist */ = {isa = PBXFileReference; lastKnownFileType = text.plist.xml; path = Info.plist; sourceTree = "<group>"; };
		2EE6BE002388EFCC0046B5C8 /* YouthHacksTests.xctest */ = {isa = PBXFileReference; explicitFileType = wrapper.cfbundle; includeInIndex = 0; path = YouthHacksTests.xctest; sourceTree = BUILT_PRODUCTS_DIR; };
		2EE6BE042388EFCC0046B5C8 /* YouthHacksTests.swift */ = {isa = PBXFileReference; lastKnownFileType = sourcecode.swift; path = YouthHacksTests.swift; sourceTree = "<group>"; };
		2EE6BE062388EFCC0046B5C8 /* Info.plist */ = {isa = PBXFileReference; lastKnownFileType = text.plist.xml; path = Info.plist; sourceTree = "<group>"; };
		2EE6BE0B2388EFCC0046B5C8 /* YouthHacksUITests.xctest */ = {isa = PBXFileReference; explicitFileType = wrapper.cfbundle; includeInIndex = 0; path = YouthHacksUITests.xctest; sourceTree = BUILT_PRODUCTS_DIR; };
		2EE6BE0F2388EFCC0046B5C8 /* YouthHacksUITests.swift */ = {isa = PBXFileReference; lastKnownFileType = sourcecode.swift; path = YouthHacksUITests.swift; sourceTree = "<group>"; };
		2EE6BE112388EFCC0046B5C8 /* Info.plist */ = {isa = PBXFileReference; lastKnownFileType = text.plist.xml; path = Info.plist; sourceTree = "<group>"; };
/* End PBXFileReference section */

/* Begin PBXFrameworksBuildPhase section */
		2EE6BDE72388EFCB0046B5C8 /* Frameworks */ = {
			isa = PBXFrameworksBuildPhase;
			buildActionMask = 2147483647;
			files = (
			);
			runOnlyForDeploymentPostprocessing = 0;
		};
		2EE6BDFD2388EFCC0046B5C8 /* Frameworks */ = {
			isa = PBXFrameworksBuildPhase;
			buildActionMask = 2147483647;
			files = (
			);
			runOnlyForDeploymentPostprocessing = 0;
		};
		2EE6BE082388EFCC0046B5C8 /* Frameworks */ = {
			isa = PBXFrameworksBuildPhase;
			buildActionMask = 2147483647;
			files = (
			);
			runOnlyForDeploymentPostprocessing = 0;
		};
/* End PBXFrameworksBuildPhase section */

/* Begin PBXGroup section */
		2EE6BDE12388EFCB0046B5C8 = {
			isa = PBXGroup;
			children = (
				2EE6BDEC2388EFCB0046B5C8 /* YouthHacks */,
				2EE6BE032388EFCC0046B5C8 /* YouthHacksTests */,
				2EE6BE0E2388EFCC0046B5C8 /* YouthHacksUITests */,
				2EE6BDEB2388EFCB0046B5C8 /* Products */,
			);
			sourceTree = "<group>";
		};
		2EE6BDEB2388EFCB0046B5C8 /* Products */ = {
			isa = PBXGroup;
			children = (
				2EE6BDEA2388EFCB0046B5C8 /* YouthHacks.app */,
				2EE6BE002388EFCC0046B5C8 /* YouthHacksTests.xctest */,
				2EE6BE0B2388EFCC0046B5C8 /* YouthHacksUITests.xctest */,
			);
			name = Products;
			sourceTree = "<group>";
		};
		2EE6BDEC2388EFCB0046B5C8 /* YouthHacks */ = {
			isa = PBXGroup;
			children = (
				1CFC292623893ECF00646822 /* YouthHacksDebug.entitlements */,
				2EE6BDED2388EFCB0046B5C8 /* AppDelegate.swift */,
				2EE6BDEF2388EFCB0046B5C8 /* SceneDelegate.swift */,
				2EBDB9FC2388F14200A58394 /* BudgetViewController.swift */,
				1CC705D6238939B800D5567D /* test.swift */,
				2EBDBA022388FAF700A58394 /* Extensions.swift */,
				2EE6BDF32388EFCB0046B5C8 /* Main.storyboard */,
				1CC705D42389399300D5567D /* Receipt.swift */,
				2EE6BDF62388EFCC0046B5C8 /* Assets.xcassets */,
				2EE6BDF82388EFCC0046B5C8 /* LaunchScreen.storyboard */,
				2EE6BDFB2388EFCC0046B5C8 /* Info.plist */,
			);
			path = YouthHacks;
			sourceTree = "<group>";
		};
		2EE6BE032388EFCC0046B5C8 /* YouthHacksTests */ = {
			isa = PBXGroup;
			children = (
				2EE6BE042388EFCC0046B5C8 /* YouthHacksTests.swift */,
				2EE6BE062388EFCC0046B5C8 /* Info.plist */,
			);
			path = YouthHacksTests;
			sourceTree = "<group>";
		};
		2EE6BE0E2388EFCC0046B5C8 /* YouthHacksUITests */ = {
			isa = PBXGroup;
			children = (
				2EE6BE0F2388EFCC0046B5C8 /* YouthHacksUITests.swift */,
				2EE6BE112388EFCC0046B5C8 /* Info.plist */,
			);
			path = YouthHacksUITests;
			sourceTree = "<group>";
		};
/* End PBXGroup section */

/* Begin PBXNativeTarget section */
		2EE6BDE92388EFCB0046B5C8 /* YouthHacks */ = {
			isa = PBXNativeTarget;
			buildConfigurationList = 2EE6BE142388EFCC0046B5C8 /* Build configuration list for PBXNativeTarget "YouthHacks" */;
			buildPhases = (
				2EE6BDE62388EFCB0046B5C8 /* Sources */,
				2EE6BDE72388EFCB0046B5C8 /* Frameworks */,
				2EE6BDE82388EFCB0046B5C8 /* Resources */,
			);
			buildRules = (
			);
			dependencies = (
			);
			name = YouthHacks;
			productName = YouthHacks;
			productReference = 2EE6BDEA2388EFCB0046B5C8 /* YouthHacks.app */;
			productType = "com.apple.product-type.application";
		};
		2EE6BDFF2388EFCC0046B5C8 /* YouthHacksTests */ = {
			isa = PBXNativeTarget;
			buildConfigurationList = 2EE6BE172388EFCC0046B5C8 /* Build configuration list for PBXNativeTarget "YouthHacksTests" */;
			buildPhases = (
				2EE6BDFC2388EFCC0046B5C8 /* Sources */,
				2EE6BDFD2388EFCC0046B5C8 /* Frameworks */,
				2EE6BDFE2388EFCC0046B5C8 /* Resources */,
			);
			buildRules = (
			);
			dependencies = (
				2EE6BE022388EFCC0046B5C8 /* PBXTargetDependency */,
			);
			name = YouthHacksTests;
			productName = YouthHacksTests;
			productReference = 2EE6BE002388EFCC0046B5C8 /* YouthHacksTests.xctest */;
			productType = "com.apple.product-type.bundle.unit-test";
		};
		2EE6BE0A2388EFCC0046B5C8 /* YouthHacksUITests */ = {
			isa = PBXNativeTarget;
			buildConfigurationList = 2EE6BE1A2388EFCC0046B5C8 /* Build configuration list for PBXNativeTarget "YouthHacksUITests" */;
			buildPhases = (
				2EE6BE072388EFCC0046B5C8 /* Sources */,
				2EE6BE082388EFCC0046B5C8 /* Frameworks */,
				2EE6BE092388EFCC0046B5C8 /* Resources */,
			);
			buildRules = (
			);
			dependencies = (
				2EE6BE0D2388EFCC0046B5C8 /* PBXTargetDependency */,
			);
			name = YouthHacksUITests;
			productName = YouthHacksUITests;
			productReference = 2EE6BE0B2388EFCC0046B5C8 /* YouthHacksUITests.xctest */;
			productType = "com.apple.product-type.bundle.ui-testing";
		};
/* End PBXNativeTarget section */

/* Begin PBXProject section */
		2EE6BDE22388EFCB0046B5C8 /* Project object */ = {
			isa = PBXProject;
			attributes = {
				LastSwiftUpdateCheck = 1120;
				LastUpgradeCheck = 1120;
				ORGANIZATIONNAME = robinvvinod;
				TargetAttributes = {
					2EE6BDE92388EFCB0046B5C8 = {
						CreatedOnToolsVersion = 11.2.1;
					};
					2EE6BDFF2388EFCC0046B5C8 = {
						CreatedOnToolsVersion = 11.2.1;
						TestTargetID = 2EE6BDE92388EFCB0046B5C8;
					};
					2EE6BE0A2388EFCC0046B5C8 = {
						CreatedOnToolsVersion = 11.2.1;
						TestTargetID = 2EE6BDE92388EFCB0046B5C8;
					};
				};
			};
			buildConfigurationList = 2EE6BDE52388EFCB0046B5C8 /* Build configuration list for PBXProject "YouthHacks" */;
			compatibilityVersion = "Xcode 9.3";
			developmentRegion = en;
			hasScannedForEncodings = 0;
			knownRegions = (
				en,
				Base,
			);
			mainGroup = 2EE6BDE12388EFCB0046B5C8;
			productRefGroup = 2EE6BDEB2388EFCB0046B5C8 /* Products */;
			projectDirPath = "";
			projectRoot = "";
			targets = (
				2EE6BDE92388EFCB0046B5C8 /* YouthHacks */,
				2EE6BDFF2388EFCC0046B5C8 /* YouthHacksTests */,
				2EE6BE0A2388EFCC0046B5C8 /* YouthHacksUITests */,
			);
		};
/* End PBXProject section */

/* Begin PBXResourcesBuildPhase section */
		2EE6BDE82388EFCB0046B5C8 /* Resources */ = {
			isa = PBXResourcesBuildPhase;
			buildActionMask = 2147483647;
			files = (
				2EE6BDFA2388EFCC0046B5C8 /* LaunchScreen.storyboard in Resources */,
				2EE6BDF72388EFCC0046B5C8 /* Assets.xcassets in Resources */,
				2EE6BDF52388EFCB0046B5C8 /* Main.storyboard in Resources */,
			);
			runOnlyForDeploymentPostprocessing = 0;
		};
		2EE6BDFE2388EFCC0046B5C8 /* Resources */ = {
			isa = PBXResourcesBuildPhase;
			buildActionMask = 2147483647;
			files = (
			);
			runOnlyForDeploymentPostprocessing = 0;
		};
		2EE6BE092388EFCC0046B5C8 /* Resources */ = {
			isa = PBXResourcesBuildPhase;
			buildActionMask = 2147483647;
			files = (
			);
			runOnlyForDeploymentPostprocessing = 0;
		};
/* End PBXResourcesBuildPhase section */

/* Begin PBXSourcesBuildPhase section */
		2EE6BDE62388EFCB0046B5C8 /* Sources */ = {
			isa = PBXSourcesBuildPhase;
			buildActionMask = 2147483647;
			files = (
				1CC705D52389399300D5567D /* Receipt.swift in Sources */,
				1CC705D7238939B800D5567D /* test.swift in Sources */,
				2EE6BDEE2388EFCB0046B5C8 /* AppDelegate.swift in Sources */,
				2EBDB9FD2388F14200A58394 /* BudgetViewController.swift in Sources */,
				2EE6BDF02388EFCB0046B5C8 /* SceneDelegate.swift in Sources */,
				2EBDBA032388FAF700A58394 /* Extensions.swift in Sources */,
			);
			runOnlyForDeploymentPostprocessing = 0;
		};
		2EE6BDFC2388EFCC0046B5C8 /* Sources */ = {
			isa = PBXSourcesBuildPhase;
			buildActionMask = 2147483647;
			files = (
				2EE6BE052388EFCC0046B5C8 /* YouthHacksTests.swift in Sources */,
			);
			runOnlyForDeploymentPostprocessing = 0;
		};
		2EE6BE072388EFCC0046B5C8 /* Sources */ = {
			isa = PBXSourcesBuildPhase;
			buildActionMask = 2147483647;
			files = (
				2EE6BE102388EFCC0046B5C8 /* YouthHacksUITests.swift in Sources */,
			);
			runOnlyForDeploymentPostprocessing = 0;
		};
/* End PBXSourcesBuildPhase section */

/* Begin PBXTargetDependency section */
		2EE6BE022388EFCC0046B5C8 /* PBXTargetDependency */ = {
			isa = PBXTargetDependency;
			target = 2EE6BDE92388EFCB0046B5C8 /* YouthHacks */;
			targetProxy = 2EE6BE012388EFCC0046B5C8 /* PBXContainerItemProxy */;
		};
		2EE6BE0D2388EFCC0046B5C8 /* PBXTargetDependency */ = {
			isa = PBXTargetDependency;
			target = 2EE6BDE92388EFCB0046B5C8 /* YouthHacks */;
			targetProxy = 2EE6BE0C2388EFCC0046B5C8 /* PBXContainerItemProxy */;
		};
/* End PBXTargetDependency section */

/* Begin PBXVariantGroup section */
		2EE6BDF32388EFCB0046B5C8 /* Main.storyboard */ = {
			isa = PBXVariantGroup;
			children = (
				2EE6BDF42388EFCB0046B5C8 /* Base */,
			);
			name = Main.storyboard;
			sourceTree = "<group>";
		};
		2EE6BDF82388EFCC0046B5C8 /* LaunchScreen.storyboard */ = {
			isa = PBXVariantGroup;
			children = (
				2EE6BDF92388EFCC0046B5C8 /* Base */,
			);
			name = LaunchScreen.storyboard;
			sourceTree = "<group>";
		};
/* End PBXVariantGroup section */

/* Begin XCBuildConfiguration section */
		2EE6BE122388EFCC0046B5C8 /* Debug */ = {
			isa = XCBuildConfiguration;
			buildSettings = {
				ALWAYS_SEARCH_USER_PATHS = NO;
				CLANG_ANALYZER_NONNULL = YES;
				CLANG_ANALYZER_NUMBER_OBJECT_CONVERSION = YES_AGGRESSIVE;
				CLANG_CXX_LANGUAGE_STANDARD = "gnu++14";
				CLANG_CXX_LIBRARY = "libc++";
				CLANG_ENABLE_MODULES = YES;
				CLANG_ENABLE_OBJC_ARC = YES;
				CLANG_ENABLE_OBJC_WEAK = YES;
				CLANG_WARN_BLOCK_CAPTURE_AUTORELEASING = YES;
				CLANG_WARN_BOOL_CONVERSION = YES;
				CLANG_WARN_COMMA = YES;
				CLANG_WARN_CONSTANT_CONVERSION = YES;
				CLANG_WARN_DEPRECATED_OBJC_IMPLEMENTATIONS = YES;
				CLANG_WARN_DIRECT_OBJC_ISA_USAGE = YES_ERROR;
				CLANG_WARN_DOCUMENTATION_COMMENTS = YES;
				CLANG_WARN_EMPTY_BODY = YES;
				CLANG_WARN_ENUM_CONVERSION = YES;
				CLANG_WARN_INFINITE_RECURSION = YES;
				CLANG_WARN_INT_CONVERSION = YES;
				CLANG_WARN_NON_LITERAL_NULL_CONVERSION = YES;
				CLANG_WARN_OBJC_IMPLICIT_RETAIN_SELF = YES;
				CLANG_WARN_OBJC_LITERAL_CONVERSION = YES;
				CLANG_WARN_OBJC_ROOT_CLASS = YES_ERROR;
				CLANG_WARN_RANGE_LOOP_ANALYSIS = YES;
				CLANG_WARN_STRICT_PROTOTYPES = YES;
				CLANG_WARN_SUSPICIOUS_MOVE = YES;
				CLANG_WARN_UNGUARDED_AVAILABILITY = YES_AGGRESSIVE;
				CLANG_WARN_UNREACHABLE_CODE = YES;
				CLANG_WARN__DUPLICATE_METHOD_MATCH = YES;
				COPY_PHASE_STRIP = NO;
				DEBUG_INFORMATION_FORMAT = dwarf;
				ENABLE_STRICT_OBJC_MSGSEND = YES;
				ENABLE_TESTABILITY = YES;
				GCC_C_LANGUAGE_STANDARD = gnu11;
				GCC_DYNAMIC_NO_PIC = NO;
				GCC_NO_COMMON_BLOCKS = YES;
				GCC_OPTIMIZATION_LEVEL = 0;
				GCC_PREPROCESSOR_DEFINITIONS = (
					"DEBUG=1",
					"$(inherited)",
				);
				GCC_WARN_64_TO_32_BIT_CONVERSION = YES;
				GCC_WARN_ABOUT_RETURN_TYPE = YES_ERROR;
				GCC_WARN_UNDECLARED_SELECTOR = YES;
				GCC_WARN_UNINITIALIZED_AUTOS = YES_AGGRESSIVE;
				GCC_WARN_UNUSED_FUNCTION = YES;
				GCC_WARN_UNUSED_VARIABLE = YES;
				IPHONEOS_DEPLOYMENT_TARGET = 13.2;
				MTL_ENABLE_DEBUG_INFO = INCLUDE_SOURCE;
				MTL_FAST_MATH = YES;
				ONLY_ACTIVE_ARCH = YES;
				SDKROOT = iphoneos;
				SWIFT_ACTIVE_COMPILATION_CONDITIONS = DEBUG;
				SWIFT_OPTIMIZATION_LEVEL = "-Onone";
			};
			name = Debug;
		};
		2EE6BE132388EFCC0046B5C8 /* Release */ = {
			isa = XCBuildConfiguration;
			buildSettings = {
				ALWAYS_SEARCH_USER_PATHS = NO;
				CLANG_ANALYZER_NONNULL = YES;
				CLANG_ANALYZER_NUMBER_OBJECT_CONVERSION = YES_AGGRESSIVE;
				CLANG_CXX_LANGUAGE_STANDARD = "gnu++14";
				CLANG_CXX_LIBRARY = "libc++";
				CLANG_ENABLE_MODULES = YES;
				CLANG_ENABLE_OBJC_ARC = YES;
				CLANG_ENABLE_OBJC_WEAK = YES;
				CLANG_WARN_BLOCK_CAPTURE_AUTORELEASING = YES;
				CLANG_WARN_BOOL_CONVERSION = YES;
				CLANG_WARN_COMMA = YES;
				CLANG_WARN_CONSTANT_CONVERSION = YES;
				CLANG_WARN_DEPRECATED_OBJC_IMPLEMENTATIONS = YES;
				CLANG_WARN_DIRECT_OBJC_ISA_USAGE = YES_ERROR;
				CLANG_WARN_DOCUMENTATION_COMMENTS = YES;
				CLANG_WARN_EMPTY_BODY = YES;
				CLANG_WARN_ENUM_CONVERSION = YES;
				CLANG_WARN_INFINITE_RECURSION = YES;
				CLANG_WARN_INT_CONVERSION = YES;
				CLANG_WARN_NON_LITERAL_NULL_CONVERSION = YES;
				CLANG_WARN_OBJC_IMPLICIT_RETAIN_SELF = YES;
				CLANG_WARN_OBJC_LITERAL_CONVERSION = YES;
				CLANG_WARN_OBJC_ROOT_CLASS = YES_ERROR;
				CLANG_WARN_RANGE_LOOP_ANALYSIS = YES;
				CLANG_WARN_STRICT_PROTOTYPES = YES;
				CLANG_WARN_SUSPICIOUS_MOVE = YES;
				CLANG_WARN_UNGUARDED_AVAILABILITY = YES_AGGRESSIVE;
				CLANG_WARN_UNREACHABLE_CODE = YES;
				CLANG_WARN__DUPLICATE_METHOD_MATCH = YES;
				COPY_PHASE_STRIP = NO;
				DEBUG_INFORMATION_FORMAT = "dwarf-with-dsym";
				ENABLE_NS_ASSERTIONS = NO;
				ENABLE_STRICT_OBJC_MSGSEND = YES;
				GCC_C_LANGUAGE_STANDARD = gnu11;
				GCC_NO_COMMON_BLOCKS = YES;
				GCC_WARN_64_TO_32_BIT_CONVERSION = YES;
				GCC_WARN_ABOUT_RETURN_TYPE = YES_ERROR;
				GCC_WARN_UNDECLARED_SELECTOR = YES;
				GCC_WARN_UNINITIALIZED_AUTOS = YES_AGGRESSIVE;
				GCC_WARN_UNUSED_FUNCTION = YES;
				GCC_WARN_UNUSED_VARIABLE = YES;
				IPHONEOS_DEPLOYMENT_TARGET = 13.2;
				MTL_ENABLE_DEBUG_INFO = NO;
				MTL_FAST_MATH = YES;
				SDKROOT = iphoneos;
				SWIFT_COMPILATION_MODE = wholemodule;
				SWIFT_OPTIMIZATION_LEVEL = "-O";
				VALIDATE_PRODUCT = YES;
			};
			name = Release;
		};
		2EE6BE152388EFCC0046B5C8 /* Debug */ = {
			isa = XCBuildConfiguration;
			buildSettings = {
				ASSETCATALOG_COMPILER_APPICON_NAME = AppIcon;
				CODE_SIGN_ENTITLEMENTS = YouthHacks/YouthHacksDebug.entitlements;
				CODE_SIGN_STYLE = Automatic;
				DEVELOPMENT_TEAM = 28TQ69XX5Q;
				INFOPLIST_FILE = YouthHacks/Info.plist;
				LD_RUNPATH_SEARCH_PATHS = (
					"$(inherited)",
					"@executable_path/Frameworks",
				);
				PRODUCT_BUNDLE_IDENTIFIER = robinvvinod.YouthHacks;
				PRODUCT_NAME = "$(TARGET_NAME)";
				SWIFT_VERSION = 5.0;
				TARGETED_DEVICE_FAMILY = "1,2";
			};
			name = Debug;
		};
		2EE6BE162388EFCC0046B5C8 /* Release */ = {
			isa = XCBuildConfiguration;
			buildSettings = {
				ASSETCATALOG_COMPILER_APPICON_NAME = AppIcon;
				CODE_SIGN_STYLE = Automatic;
				DEVELOPMENT_TEAM = 28TQ69XX5Q;
				INFOPLIST_FILE = YouthHacks/Info.plist;
				LD_RUNPATH_SEARCH_PATHS = (
					"$(inherited)",
					"@executable_path/Frameworks",
				);
				PRODUCT_BUNDLE_IDENTIFIER = robinvvinod.YouthHacks;
				PRODUCT_NAME = "$(TARGET_NAME)";
				SWIFT_VERSION = 5.0;
				TARGETED_DEVICE_FAMILY = "1,2";
			};
			name = Release;
		};
		2EE6BE182388EFCC0046B5C8 /* Debug */ = {
			isa = XCBuildConfiguration;
			buildSettings = {
				ALWAYS_EMBED_SWIFT_STANDARD_LIBRARIES = YES;
				BUNDLE_LOADER = "$(TEST_HOST)";
				CODE_SIGN_STYLE = Automatic;
				DEVELOPMENT_TEAM = VZXYRBYE78;
				INFOPLIST_FILE = YouthHacksTests/Info.plist;
				IPHONEOS_DEPLOYMENT_TARGET = 13.2;
				LD_RUNPATH_SEARCH_PATHS = (
					"$(inherited)",
					"@executable_path/Frameworks",
					"@loader_path/Frameworks",
				);
				PRODUCT_BUNDLE_IDENTIFIER = robinvvinod.YouthHacksTests;
				PRODUCT_NAME = "$(TARGET_NAME)";
				SWIFT_VERSION = 5.0;
				TARGETED_DEVICE_FAMILY = "1,2";
				TEST_HOST = "$(BUILT_PRODUCTS_DIR)/YouthHacks.app/YouthHacks";
			};
			name = Debug;
		};
		2EE6BE192388EFCC0046B5C8 /* Release */ = {
			isa = XCBuildConfiguration;
			buildSettings = {
				ALWAYS_EMBED_SWIFT_STANDARD_LIBRARIES = YES;
				BUNDLE_LOADER = "$(TEST_HOST)";
				CODE_SIGN_STYLE = Automatic;
				DEVELOPMENT_TEAM = VZXYRBYE78;
				INFOPLIST_FILE = YouthHacksTests/Info.plist;
				IPHONEOS_DEPLOYMENT_TARGET = 13.2;
				LD_RUNPATH_SEARCH_PATHS = (
					"$(inherited)",
					"@executable_path/Frameworks",
					"@loader_path/Frameworks",
				);
				PRODUCT_BUNDLE_IDENTIFIER = robinvvinod.YouthHacksTests;
				PRODUCT_NAME = "$(TARGET_NAME)";
				SWIFT_VERSION = 5.0;
				TARGETED_DEVICE_FAMILY = "1,2";
				TEST_HOST = "$(BUILT_PRODUCTS_DIR)/YouthHacks.app/YouthHacks";
			};
			name = Release;
		};
		2EE6BE1B2388EFCC0046B5C8 /* Debug */ = {
			isa = XCBuildConfiguration;
			buildSettings = {
				ALWAYS_EMBED_SWIFT_STANDARD_LIBRARIES = YES;
				CODE_SIGN_STYLE = Automatic;
				DEVELOPMENT_TEAM = VZXYRBYE78;
				INFOPLIST_FILE = YouthHacksUITests/Info.plist;
				LD_RUNPATH_SEARCH_PATHS = (
					"$(inherited)",
					"@executable_path/Frameworks",
					"@loader_path/Frameworks",
				);
				PRODUCT_BUNDLE_IDENTIFIER = robinvvinod.YouthHacksUITests;
				PRODUCT_NAME = "$(TARGET_NAME)";
				SWIFT_VERSION = 5.0;
				TARGETED_DEVICE_FAMILY = "1,2";
				TEST_TARGET_NAME = YouthHacks;
			};
			name = Debug;
		};
		2EE6BE1C2388EFCC0046B5C8 /* Release */ = {
			isa = XCBuildConfiguration;
			buildSettings = {
				ALWAYS_EMBED_SWIFT_STANDARD_LIBRARIES = YES;
				CODE_SIGN_STYLE = Automatic;
				DEVELOPMENT_TEAM = VZXYRBYE78;
				INFOPLIST_FILE = YouthHacksUITests/Info.plist;
				LD_RUNPATH_SEARCH_PATHS = (
					"$(inherited)",
					"@executable_path/Frameworks",
					"@loader_path/Frameworks",
				);
				PRODUCT_BUNDLE_IDENTIFIER = robinvvinod.YouthHacksUITests;
				PRODUCT_NAME = "$(TARGET_NAME)";
				SWIFT_VERSION = 5.0;
				TARGETED_DEVICE_FAMILY = "1,2";
				TEST_TARGET_NAME = YouthHacks;
			};
			name = Release;
		};
/* End XCBuildConfiguration section */

/* Begin XCConfigurationList section */
		2EE6BDE52388EFCB0046B5C8 /* Build configuration list for PBXProject "YouthHacks" */ = {
			isa = XCConfigurationList;
			buildConfigurations = (
				2EE6BE122388EFCC0046B5C8 /* Debug */,
				2EE6BE132388EFCC0046B5C8 /* Release */,
			);
			defaultConfigurationIsVisible = 0;
			defaultConfigurationName = Release;
		};
		2EE6BE142388EFCC0046B5C8 /* Build configuration list for PBXNativeTarget "YouthHacks" */ = {
			isa = XCConfigurationList;
			buildConfigurations = (
				2EE6BE152388EFCC0046B5C8 /* Debug */,
				2EE6BE162388EFCC0046B5C8 /* Release */,
			);
			defaultConfigurationIsVisible = 0;
			defaultConfigurationName = Release;
		};
		2EE6BE172388EFCC0046B5C8 /* Build configuration list for PBXNativeTarget "YouthHacksTests" */ = {
			isa = XCConfigurationList;
			buildConfigurations = (
				2EE6BE182388EFCC0046B5C8 /* Debug */,
				2EE6BE192388EFCC0046B5C8 /* Release */,
			);
			defaultConfigurationIsVisible = 0;
			defaultConfigurationName = Release;
		};
		2EE6BE1A2388EFCC0046B5C8 /* Build configuration list for PBXNativeTarget "YouthHacksUITests" */ = {
			isa = XCConfigurationList;
			buildConfigurations = (
				2EE6BE1B2388EFCC0046B5C8 /* Debug */,
				2EE6BE1C2388EFCC0046B5C8 /* Release */,
			);
			defaultConfigurationIsVisible = 0;
			defaultConfigurationName = Release;
		};
/* End XCConfigurationList section */
	};
	rootObject = 2EE6BDE22388EFCB0046B5C8 /* Project object */;
}
