// !$*UTF8*$!
{
	archiveVersion = 1;
	classes = {
	};
	objectVersion = 51;
	objects = {

/* Begin PBXBuildFile section */
		1CC705D52389399300D5567D /* Receipt.swift in Sources */ = {isa = PBXBuildFile; fileRef = 1CC705D42389399300D5567D /* Receipt.swift */; };
		1CECE2622389EFAC003D063C /* NFCReadTestViewController.swift in Sources */ = {isa = PBXBuildFile; fileRef = 1CECE2612389EFAC003D063C /* NFCReadTestViewController.swift */; };
		2DA00BACB17665EAC47DAD4F /* Pods_YouthHacks_YouthHacksUITests.framework in Frameworks */ = {isa = PBXBuildFile; fileRef = 66E8C4A7B19429162CD8DE9D /* Pods_YouthHacks_YouthHacksUITests.framework */; };
		2E46EAAC23897F5F00C87C76 /* NFCTestViewController.swift in Sources */ = {isa = PBXBuildFile; fileRef = 2E46EAAB23897F5F00C87C76 /* NFCTestViewController.swift */; };
		2EB96952238A0D790080BE9A /* GoogleService-Info.plist in Resources */ = {isa = PBXBuildFile; fileRef = 2EB96951238A0D790080BE9A /* GoogleService-Info.plist */; };
		2EBDB9FD2388F14200A58394 /* BudgetViewController.swift in Sources */ = {isa = PBXBuildFile; fileRef = 2EBDB9FC2388F14200A58394 /* BudgetViewController.swift */; };
		2EBDBA032388FAF700A58394 /* Extensions.swift in Sources */ = {isa = PBXBuildFile; fileRef = 2EBDBA022388FAF700A58394 /* Extensions.swift */; };
		2EE6BDEE2388EFCB0046B5C8 /* AppDelegate.swift in Sources */ = {isa = PBXBuildFile; fileRef = 2EE6BDED2388EFCB0046B5C8 /* AppDelegate.swift */; };
		2EE6BDF02388EFCB0046B5C8 /* SceneDelegate.swift in Sources */ = {isa = PBXBuildFile; fileRef = 2EE6BDEF2388EFCB0046B5C8 /* SceneDelegate.swift */; };
		2EE6BDF52388EFCB0046B5C8 /* Main.storyboard in Resources */ = {isa = PBXBuildFile; fileRef = 2EE6BDF32388EFCB0046B5C8 /* Main.storyboard */; };
		2EE6BDF72388EFCC0046B5C8 /* Assets.xcassets in Resources */ = {isa = PBXBuildFile; fileRef = 2EE6BDF62388EFCC0046B5C8 /* Assets.xcassets */; };
		2EE6BDFA2388EFCC0046B5C8 /* LaunchScreen.storyboard in Resources */ = {isa = PBXBuildFile; fileRef = 2EE6BDF82388EFCC0046B5C8 /* LaunchScreen.storyboard */; };
		2EE6BE052388EFCC0046B5C8 /* YouthHacksTests.swift in Sources */ = {isa = PBXBuildFile; fileRef = 2EE6BE042388EFCC0046B5C8 /* YouthHacksTests.swift */; };
		2EE6BE102388EFCC0046B5C8 /* YouthHacksUITests.swift in Sources */ = {isa = PBXBuildFile; fileRef = 2EE6BE0F2388EFCC0046B5C8 /* YouthHacksUITests.swift */; };
		4CB181B056F459404A53659D /* Pods_YouthHacksTests.framework in Frameworks */ = {isa = PBXBuildFile; fileRef = D111BC2F9FC1BAC20E0CAB40 /* Pods_YouthHacksTests.framework */; };
		EC974C65743B6CF4420250FC /* Pods_YouthHacks.framework in Frameworks */ = {isa = PBXBuildFile; fileRef = 3D15779AF5AA639228AF26CA /* Pods_YouthHacks.framework */; };
/* End PBXBuildFile section */

/* Begin PBXContainerItemProxy section */
		2EE6BE012388EFCC0046B5C8 /* PBXContainerItemProxy */ = {
			isa = PBXContainerItemProxy;
			containerPortal = 2EE6BDE22388EFCB0046B5C8 /* Project object */;
			proxyType = 1;
			remoteGlobalIDString = 2EE6BDE92388EFCB0046B5C8;
			remoteInfo = YouthHacks;
		};
		2EE6BE0C2388EFCC0046B5C8 /* PBXContainerItemProxy */ = {
			isa = PBXContainerItemProxy;
			containerPortal = 2EE6BDE22388EFCB0046B5C8 /* Project object */;
			proxyType = 1;
			remoteGlobalIDString = 2EE6BDE92388EFCB0046B5C8;
			remoteInfo = YouthHacks;
		};
/* End PBXContainerItemProxy section */

/* Begin PBXFileReference section */
		05A73F9A86F19DA97A7EFB7F /* Pods-YouthHacks-YouthHacksUITests.debug.xcconfig */ = {isa = PBXFileReference; includeInIndex = 1; lastKnownFileType = text.xcconfig; name = "Pods-YouthHacks-YouthHacksUITests.debug.xcconfig"; path = "Target Support Files/Pods-YouthHacks-YouthHacksUITests/Pods-YouthHacks-YouthHacksUITests.debug.xcconfig"; sourceTree = "<group>"; };
		1CC705D42389399300D5567D /* Receipt.swift */ = {isa = PBXFileReference; lastKnownFileType = sourcecode.swift; path = Receipt.swift; sourceTree = "<group>"; };
		1CECE2612389EFAC003D063C /* NFCReadTestViewController.swift */ = {isa = PBXFileReference; lastKnownFileType = sourcecode.swift; path = NFCReadTestViewController.swift; sourceTree = "<group>"; };
		1CFC2927238940D900646822 /* YouthHacks.entitlements */ = {isa = PBXFileReference; lastKnownFileType = text.plist.entitlements; path = YouthHacks.entitlements; sourceTree = "<group>"; };
		1CFC2928238942D600646822 /* test.playground */ = {isa = PBXFileReference; lastKnownFileType = file.playground; path = test.playground; sourceTree = "<group>"; xcLanguageSpecificationIdentifier = xcode.lang.swift; };
		2E46EAAB23897F5F00C87C76 /* NFCTestViewController.swift */ = {isa = PBXFileReference; fileEncoding = 4; lastKnownFileType = sourcecode.swift; path = NFCTestViewController.swift; sourceTree = "<group>"; };
		2EB96951238A0D790080BE9A /* GoogleService-Info.plist */ = {isa = PBXFileReference; fileEncoding = 4; lastKnownFileType = text.plist.xml; path = "GoogleService-Info.plist"; sourceTree = "<group>"; };
		2EBDB9FC2388F14200A58394 /* BudgetViewController.swift */ = {isa = PBXFileReference; lastKnownFileType = sourcecode.swift; path = BudgetViewController.swift; sourceTree = "<group>"; };
		2EBDBA022388FAF700A58394 /* Extensions.swift */ = {isa = PBXFileReference; lastKnownFileType = sourcecode.swift; path = Extensions.swift; sourceTree = "<group>"; };
		2EE6BDEA2388EFCB0046B5C8 /* YouthHacks.app */ = {isa = PBXFileReference; explicitFileType = wrapper.application; includeInIndex = 0; path = YouthHacks.app; sourceTree = BUILT_PRODUCTS_DIR; };
		2EE6BDED2388EFCB0046B5C8 /* AppDelegate.swift */ = {isa = PBXFileReference; lastKnownFileType = sourcecode.swift; path = AppDelegate.swift; sourceTree = "<group>"; };
		2EE6BDEF2388EFCB0046B5C8 /* SceneDelegate.swift */ = {isa = PBXFileReference; lastKnownFileType = sourcecode.swift; path = SceneDelegate.swift; sourceTree = "<group>"; };
		2EE6BDF42388EFCB0046B5C8 /* Base */ = {isa = PBXFileReference; lastKnownFileType = file.storyboard; name = Base; path = Base.lproj/Main.storyboard; sourceTree = "<group>"; };
		2EE6BDF62388EFCC0046B5C8 /* Assets.xcassets */ = {isa = PBXFileReference; lastKnownFileType = folder.assetcatalog; path = Assets.xcassets; sourceTree = "<group>"; };
		2EE6BDF92388EFCC0046B5C8 /* Base */ = {isa = PBXFileReference; lastKnownFileType = file.storyboard; name = Base; path = Base.lproj/LaunchScreen.storyboard; sourceTree = "<group>"; };
		2EE6BDFB2388EFCC0046B5C8 /* Info.plist */ = {isa = PBXFileReference; lastKnownFileType = text.plist.xml; path = Info.plist; sourceTree = "<group>"; };
		2EE6BE002388EFCC0046B5C8 /* YouthHacksTests.xctest */ = {isa = PBXFileReference; explicitFileType = wrapper.cfbundle; includeInIndex = 0; path = YouthHacksTests.xctest; sourceTree = BUILT_PRODUCTS_DIR; };
		2EE6BE042388EFCC0046B5C8 /* YouthHacksTests.swift */ = {isa = PBXFileReference; lastKnownFileType = sourcecode.swift; path = YouthHacksTests.swift; sourceTree = "<group>"; };
		2EE6BE062388EFCC0046B5C8 /* Info.plist */ = {isa = PBXFileReference; lastKnownFileType = text.plist.xml; path = Info.plist; sourceTree = "<group>"; };
		2EE6BE0B2388EFCC0046B5C8 /* YouthHacksUITests.xctest */ = {isa = PBXFileReference; explicitFileType = wrapper.cfbundle; includeInIndex = 0; path = YouthHacksUITests.xctest; sourceTree = BUILT_PRODUCTS_DIR; };
		2EE6BE0F2388EFCC0046B5C8 /* YouthHacksUITests.swift */ = {isa = PBXFileReference; lastKnownFileType = sourcecode.swift; path = YouthHacksUITests.swift; sourceTree = "<group>"; };
		2EE6BE112388EFCC0046B5C8 /* Info.plist */ = {isa = PBXFileReference; lastKnownFileType = text.plist.xml; path = Info.plist; sourceTree = "<group>"; };
		352886E8ADEFCAB5BA3F6F07 /* Pods-YouthHacks.debug.xcconfig */ = {isa = PBXFileReference; includeInIndex = 1; lastKnownFileType = text.xcconfig; name = "Pods-YouthHacks.debug.xcconfig"; path = "Target Support Files/Pods-YouthHacks/Pods-YouthHacks.debug.xcconfig"; sourceTree = "<group>"; };
		3D15779AF5AA639228AF26CA /* Pods_YouthHacks.framework */ = {isa = PBXFileReference; explicitFileType = wrapper.framework; includeInIndex = 0; path = Pods_YouthHacks.framework; sourceTree = BUILT_PRODUCTS_DIR; };
		66E8C4A7B19429162CD8DE9D /* Pods_YouthHacks_YouthHacksUITests.framework */ = {isa = PBXFileReference; explicitFileType = wrapper.framework; includeInIndex = 0; path = Pods_YouthHacks_YouthHacksUITests.framework; sourceTree = BUILT_PRODUCTS_DIR; };
		B8B84BFEBE95822E7D38E5D8 /* Pods-YouthHacksTests.debug.xcconfig */ = {isa = PBXFileReference; includeInIndex = 1; lastKnownFileType = text.xcconfig; name = "Pods-YouthHacksTests.debug.xcconfig"; path = "Target Support Files/Pods-YouthHacksTests/Pods-YouthHacksTests.debug.xcconfig"; sourceTree = "<group>"; };
		C57B7071767DB0166C7F7175 /* Pods-YouthHacksTests.release.xcconfig */ = {isa = PBXFileReference; includeInIndex = 1; lastKnownFileType = text.xcconfig; name = "Pods-YouthHacksTests.release.xcconfig"; path = "Target Support Files/Pods-YouthHacksTests/Pods-YouthHacksTests.release.xcconfig"; sourceTree = "<group>"; };
		D111BC2F9FC1BAC20E0CAB40 /* Pods_YouthHacksTests.framework */ = {isa = PBXFileReference; explicitFileType = wrapper.framework; includeInIndex = 0; path = Pods_YouthHacksTests.framework; sourceTree = BUILT_PRODUCTS_DIR; };
		D544A954B4BBA7A4234037AB /* Pods-YouthHacks-YouthHacksUITests.release.xcconfig */ = {isa = PBXFileReference; includeInIndex = 1; lastKnownFileType = text.xcconfig; name = "Pods-YouthHacks-YouthHacksUITests.release.xcconfig"; path = "Target Support Files/Pods-YouthHacks-YouthHacksUITests/Pods-YouthHacks-YouthHacksUITests.release.xcconfig"; sourceTree = "<group>"; };
		DD5257A23301AD522A0BBA62 /* Pods-YouthHacks.release.xcconfig */ = {isa = PBXFileReference; includeInIndex = 1; lastKnownFileType = text.xcconfig; name = "Pods-YouthHacks.release.xcconfig"; path = "Target Support Files/Pods-YouthHacks/Pods-YouthHacks.release.xcconfig"; sourceTree = "<group>"; };
/* End PBXFileReference section */

/* Begin PBXFrameworksBuildPhase section */
		2EE6BDE72388EFCB0046B5C8 /* Frameworks */ = {
			isa = PBXFrameworksBuildPhase;
			buildActionMask = 2147483647;
			files = (
				EC974C65743B6CF4420250FC /* Pods_YouthHacks.framework in Frameworks */,
			);
			runOnlyForDeploymentPostprocessing = 0;
		};
		2EE6BDFD2388EFCC0046B5C8 /* Frameworks */ = {
			isa = PBXFrameworksBuildPhase;
			buildActionMask = 2147483647;
			files = (
				4CB181B056F459404A53659D /* Pods_YouthHacksTests.framework in Frameworks */,
			);
			runOnlyForDeploymentPostprocessing = 0;
		};
		2EE6BE082388EFCC0046B5C8 /* Frameworks */ = {
			isa = PBXFrameworksBuildPhase;
			buildActionMask = 2147483647;
			files = (
				2DA00BACB17665EAC47DAD4F /* Pods_YouthHacks_YouthHacksUITests.framework in Frameworks */,
			);
			runOnlyForDeploymentPostprocessing = 0;
		};
/* End PBXFrameworksBuildPhase section */

/* Begin PBXGroup section */
		2432269EA5C177042B6DF85C /* Frameworks */ = {
			isa = PBXGroup;
			children = (
				3D15779AF5AA639228AF26CA /* Pods_YouthHacks.framework */,
				66E8C4A7B19429162CD8DE9D /* Pods_YouthHacks_YouthHacksUITests.framework */,
				D111BC2F9FC1BAC20E0CAB40 /* Pods_YouthHacksTests.framework */,
			);
			name = Frameworks;
			sourceTree = "<group>";
		};
		2EE6BDE12388EFCB0046B5C8 = {
			isa = PBXGroup;
			children = (
				2EE6BDEC2388EFCB0046B5C8 /* YouthHacks */,
				2EE6BE032388EFCC0046B5C8 /* YouthHacksTests */,
				2EE6BE0E2388EFCC0046B5C8 /* YouthHacksUITests */,
				2EE6BDEB2388EFCB0046B5C8 /* Products */,
				9E05EB3CBB29ADA05BDD9F8B /* Pods */,
				2432269EA5C177042B6DF85C /* Frameworks */,
			);
			sourceTree = "<group>";
		};
		2EE6BDEB2388EFCB0046B5C8 /* Products */ = {
			isa = PBXGroup;
			children = (
				2EE6BDEA2388EFCB0046B5C8 /* YouthHacks.app */,
				2EE6BE002388EFCC0046B5C8 /* YouthHacksTests.xctest */,
				2EE6BE0B2388EFCC0046B5C8 /* YouthHacksUITests.xctest */,
			);
			name = Products;
			sourceTree = "<group>";
		};
		2EE6BDEC2388EFCB0046B5C8 /* YouthHacks */ = {
			isa = PBXGroup;
			children = (
				1CFC2927238940D900646822 /* YouthHacks.entitlements */,
				2EE6BDED2388EFCB0046B5C8 /* AppDelegate.swift */,
				2EE6BDEF2388EFCB0046B5C8 /* SceneDelegate.swift */,
				2EBDB9FC2388F14200A58394 /* BudgetViewController.swift */,
				2EBDBA022388FAF700A58394 /* Extensions.swift */,
				2EE6BDF32388EFCB0046B5C8 /* Main.storyboard */,
				2E46EAAB23897F5F00C87C76 /* NFCTestViewController.swift */,
				1CECE2612389EFAC003D063C /* NFCReadTestViewController.swift */,
				1CC705D42389399300D5567D /* Receipt.swift */,
				2EE6BDF62388EFCC0046B5C8 /* Assets.xcassets */,
				1CFC2928238942D600646822 /* test.playground */,
				2EE6BDF82388EFCC0046B5C8 /* LaunchScreen.storyboard */,
				2EE6BDFB2388EFCC0046B5C8 /* Info.plist */,
				2EB96951238A0D790080BE9A /* GoogleService-Info.plist */,
			);
			path = YouthHacks;
			sourceTree = "<group>";
		};
		2EE6BE032388EFCC0046B5C8 /* YouthHacksTests */ = {
			isa = PBXGroup;
			children = (
				2EE6BE042388EFCC0046B5C8 /* YouthHacksTests.swift */,
				2EE6BE062388EFCC0046B5C8 /* Info.plist */,
			);
			path = YouthHacksTests;
			sourceTree = "<group>";
		};
		2EE6BE0E2388EFCC0046B5C8 /* YouthHacksUITests */ = {
			isa = PBXGroup;
			children = (
				2EE6BE0F2388EFCC0046B5C8 /* YouthHacksUITests.swift */,
				2EE6BE112388EFCC0046B5C8 /* Info.plist */,
			);
			path = YouthHacksUITests;
			sourceTree = "<group>";
		};
		9E05EB3CBB29ADA05BDD9F8B /* Pods */ = {
			isa = PBXGroup;
			children = (
				352886E8ADEFCAB5BA3F6F07 /* Pods-YouthHacks.debug.xcconfig */,
				DD5257A23301AD522A0BBA62 /* Pods-YouthHacks.release.xcconfig */,
				05A73F9A86F19DA97A7EFB7F /* Pods-YouthHacks-YouthHacksUITests.debug.xcconfig */,
				D544A954B4BBA7A4234037AB /* Pods-YouthHacks-YouthHacksUITests.release.xcconfig */,
				B8B84BFEBE95822E7D38E5D8 /* Pods-YouthHacksTests.debug.xcconfig */,
				C57B7071767DB0166C7F7175 /* Pods-YouthHacksTests.release.xcconfig */,
			);
			path = Pods;
			sourceTree = "<group>";
		};
/* End PBXGroup section */

/* Begin PBXNativeTarget section */
		2EE6BDE92388EFCB0046B5C8 /* YouthHacks */ = {
			isa = PBXNativeTarget;
			buildConfigurationList = 2EE6BE142388EFCC0046B5C8 /* Build configuration list for PBXNativeTarget "YouthHacks" */;
			buildPhases = (
				AC799E2122B8F00C6EDB3572 /* [CP] Check Pods Manifest.lock */,
				2EE6BDE62388EFCB0046B5C8 /* Sources */,
				2EE6BDE72388EFCB0046B5C8 /* Frameworks */,
				2EE6BDE82388EFCB0046B5C8 /* Resources */,
				90E32EF538852E4C989C5805 /* [CP] Embed Pods Frameworks */,
			);
			buildRules = (
			);
			dependencies = (
			);
			name = YouthHacks;
			productName = YouthHacks;
			productReference = 2EE6BDEA2388EFCB0046B5C8 /* YouthHacks.app */;
			productType = "com.apple.product-type.application";
		};
		2EE6BDFF2388EFCC0046B5C8 /* YouthHacksTests */ = {
			isa = PBXNativeTarget;
			buildConfigurationList = 2EE6BE172388EFCC0046B5C8 /* Build configuration list for PBXNativeTarget "YouthHacksTests" */;
			buildPhases = (
				AB06864169DDDDBEDC7AC03B /* [CP] Check Pods Manifest.lock */,
				2EE6BDFC2388EFCC0046B5C8 /* Sources */,
				2EE6BDFD2388EFCC0046B5C8 /* Frameworks */,
				2EE6BDFE2388EFCC0046B5C8 /* Resources */,
			);
			buildRules = (
			);
			dependencies = (
				2EE6BE022388EFCC0046B5C8 /* PBXTargetDependency */,
			);
			name = YouthHacksTests;
			productName = YouthHacksTests;
			productReference = 2EE6BE002388EFCC0046B5C8 /* YouthHacksTests.xctest */;
			productType = "com.apple.product-type.bundle.unit-test";
		};
		2EE6BE0A2388EFCC0046B5C8 /* YouthHacksUITests */ = {
			isa = PBXNativeTarget;
			buildConfigurationList = 2EE6BE1A2388EFCC0046B5C8 /* Build configuration list for PBXNativeTarget "YouthHacksUITests" */;
			buildPhases = (
				DBACFE758978F05D521D4051 /* [CP] Check Pods Manifest.lock */,
				2EE6BE072388EFCC0046B5C8 /* Sources */,
				2EE6BE082388EFCC0046B5C8 /* Frameworks */,
				2EE6BE092388EFCC0046B5C8 /* Resources */,
				7EBFF089ECC9ED644F81D208 /* [CP] Embed Pods Frameworks */,
			);
			buildRules = (
			);
			dependencies = (
				2EE6BE0D2388EFCC0046B5C8 /* PBXTargetDependency */,
			);
			name = YouthHacksUITests;
			productName = YouthHacksUITests;
			productReference = 2EE6BE0B2388EFCC0046B5C8 /* YouthHacksUITests.xctest */;
			productType = "com.apple.product-type.bundle.ui-testing";
		};
/* End PBXNativeTarget section */

/* Begin PBXProject section */
		2EE6BDE22388EFCB0046B5C8 /* Project object */ = {
			isa = PBXProject;
			attributes = {
				LastSwiftUpdateCheck = 1120;
				LastUpgradeCheck = 1120;
				ORGANIZATIONNAME = robinvvinod;
				TargetAttributes = {
					2EE6BDE92388EFCB0046B5C8 = {
						CreatedOnToolsVersion = 11.2.1;
					};
					2EE6BDFF2388EFCC0046B5C8 = {
						CreatedOnToolsVersion = 11.2.1;
						TestTargetID = 2EE6BDE92388EFCB0046B5C8;
					};
					2EE6BE0A2388EFCC0046B5C8 = {
						CreatedOnToolsVersion = 11.2.1;
						TestTargetID = 2EE6BDE92388EFCB0046B5C8;
					};
				};
			};
			buildConfigurationList = 2EE6BDE52388EFCB0046B5C8 /* Build configuration list for PBXProject "YouthHacks" */;
			compatibilityVersion = "Xcode 9.3";
			developmentRegion = en;
			hasScannedForEncodings = 0;
			knownRegions = (
				en,
				Base,
			);
			mainGroup = 2EE6BDE12388EFCB0046B5C8;
			productRefGroup = 2EE6BDEB2388EFCB0046B5C8 /* Products */;
			projectDirPath = "";
			projectRoot = "";
			targets = (
				2EE6BDE92388EFCB0046B5C8 /* YouthHacks */,
				2EE6BDFF2388EFCC0046B5C8 /* YouthHacksTests */,
				2EE6BE0A2388EFCC0046B5C8 /* YouthHacksUITests */,
			);
		};
/* End PBXProject section */

/* Begin PBXResourcesBuildPhase section */
		2EE6BDE82388EFCB0046B5C8 /* Resources */ = {
			isa = PBXResourcesBuildPhase;
			buildActionMask = 2147483647;
			files = (
				2EE6BDFA2388EFCC0046B5C8 /* LaunchScreen.storyboard in Resources */,
				2EB96952238A0D790080BE9A /* GoogleService-Info.plist in Resources */,
				2EE6BDF72388EFCC0046B5C8 /* Assets.xcassets in Resources */,
				2EE6BDF52388EFCB0046B5C8 /* Main.storyboard in Resources */,
			);
			runOnlyForDeploymentPostprocessing = 0;
		};
		2EE6BDFE2388EFCC0046B5C8 /* Resources */ = {
			isa = PBXResourcesBuildPhase;
			buildActionMask = 2147483647;
			files = (
			);
			runOnlyForDeploymentPostprocessing = 0;
		};
		2EE6BE092388EFCC0046B5C8 /* Resources */ = {
			isa = PBXResourcesBuildPhase;
			buildActionMask = 2147483647;
			files = (
			);
			runOnlyForDeploymentPostprocessing = 0;
		};
/* End PBXResourcesBuildPhase section */

/* Begin PBXShellScriptBuildPhase section */
		7EBFF089ECC9ED644F81D208 /* [CP] Embed Pods Frameworks */ = {
			isa = PBXShellScriptBuildPhase;
			buildActionMask = 2147483647;
			files = (
			);
			inputFileListPaths = (
				"${PODS_ROOT}/Target Support Files/Pods-YouthHacks-YouthHacksUITests/Pods-YouthHacks-YouthHacksUITests-frameworks-${CONFIGURATION}-input-files.xcfilelist",
			);
			name = "[CP] Embed Pods Frameworks";
			outputFileListPaths = (
				"${PODS_ROOT}/Target Support Files/Pods-YouthHacks-YouthHacksUITests/Pods-YouthHacks-YouthHacksUITests-frameworks-${CONFIGURATION}-output-files.xcfilelist",
			);
			runOnlyForDeploymentPostprocessing = 0;
			shellPath = /bin/sh;
			shellScript = "\"${PODS_ROOT}/Target Support Files/Pods-YouthHacks-YouthHacksUITests/Pods-YouthHacks-YouthHacksUITests-frameworks.sh\"\n";
			showEnvVarsInLog = 0;
		};
		90E32EF538852E4C989C5805 /* [CP] Embed Pods Frameworks */ = {
			isa = PBXShellScriptBuildPhase;
			buildActionMask = 2147483647;
			files = (
			);
			inputFileListPaths = (
				"${PODS_ROOT}/Target Support Files/Pods-YouthHacks/Pods-YouthHacks-frameworks-${CONFIGURATION}-input-files.xcfilelist",
			);
			name = "[CP] Embed Pods Frameworks";
			outputFileListPaths = (
				"${PODS_ROOT}/Target Support Files/Pods-YouthHacks/Pods-YouthHacks-frameworks-${CONFIGURATION}-output-files.xcfilelist",
			);
			runOnlyForDeploymentPostprocessing = 0;
			shellPath = /bin/sh;
			shellScript = "\"${PODS_ROOT}/Target Support Files/Pods-YouthHacks/Pods-YouthHacks-frameworks.sh\"\n";
			showEnvVarsInLog = 0;
		};
		AB06864169DDDDBEDC7AC03B /* [CP] Check Pods Manifest.lock */ = {
			isa = PBXShellScriptBuildPhase;
			buildActionMask = 2147483647;
			files = (
			);
			inputFileListPaths = (
			);
			inputPaths = (
				"${PODS_PODFILE_DIR_PATH}/Podfile.lock",
				"${PODS_ROOT}/Manifest.lock",
			);
			name = "[CP] Check Pods Manifest.lock";
			outputFileListPaths = (
			);
			outputPaths = (
				"$(DERIVED_FILE_DIR)/Pods-YouthHacksTests-checkManifestLockResult.txt",
			);
			runOnlyForDeploymentPostprocessing = 0;
			shellPath = /bin/sh;
			shellScript = "diff \"${PODS_PODFILE_DIR_PATH}/Podfile.lock\" \"${PODS_ROOT}/Manifest.lock\" > /dev/null\nif [ $? != 0 ] ; then\n    # print error to STDERR\n    echo \"error: The sandbox is not in sync with the Podfile.lock. Run 'pod install' or update your CocoaPods installation.\" >&2\n    exit 1\nfi\n# This output is used by Xcode 'outputs' to avoid re-running this script phase.\necho \"SUCCESS\" > \"${SCRIPT_OUTPUT_FILE_0}\"\n";
			showEnvVarsInLog = 0;
		};
		AC799E2122B8F00C6EDB3572 /* [CP] Check Pods Manifest.lock */ = {
			isa = PBXShellScriptBuildPhase;
			buildActionMask = 2147483647;
			files = (
			);
			inputFileListPaths = (
			);
			inputPaths = (
				"${PODS_PODFILE_DIR_PATH}/Podfile.lock",
				"${PODS_ROOT}/Manifest.lock",
			);
			name = "[CP] Check Pods Manifest.lock";
			outputFileListPaths = (
			);
			outputPaths = (
				"$(DERIVED_FILE_DIR)/Pods-YouthHacks-checkManifestLockResult.txt",
			);
			runOnlyForDeploymentPostprocessing = 0;
			shellPath = /bin/sh;
			shellScript = "diff \"${PODS_PODFILE_DIR_PATH}/Podfile.lock\" \"${PODS_ROOT}/Manifest.lock\" > /dev/null\nif [ $? != 0 ] ; then\n    # print error to STDERR\n    echo \"error: The sandbox is not in sync with the Podfile.lock. Run 'pod install' or update your CocoaPods installation.\" >&2\n    exit 1\nfi\n# This output is used by Xcode 'outputs' to avoid re-running this script phase.\necho \"SUCCESS\" > \"${SCRIPT_OUTPUT_FILE_0}\"\n";
			showEnvVarsInLog = 0;
		};
		DBACFE758978F05D521D4051 /* [CP] Check Pods Manifest.lock */ = {
			isa = PBXShellScriptBuildPhase;
			buildActionMask = 2147483647;
			files = (
			);
			inputFileListPaths = (
			);
			inputPaths = (
				"${PODS_PODFILE_DIR_PATH}/Podfile.lock",
				"${PODS_ROOT}/Manifest.lock",
			);
			name = "[CP] Check Pods Manifest.lock";
			outputFileListPaths = (
			);
			outputPaths = (
				"$(DERIVED_FILE_DIR)/Pods-YouthHacks-YouthHacksUITests-checkManifestLockResult.txt",
			);
			runOnlyForDeploymentPostprocessing = 0;
			shellPath = /bin/sh;
			shellScript = "diff \"${PODS_PODFILE_DIR_PATH}/Podfile.lock\" \"${PODS_ROOT}/Manifest.lock\" > /dev/null\nif [ $? != 0 ] ; then\n    # print error to STDERR\n    echo \"error: The sandbox is not in sync with the Podfile.lock. Run 'pod install' or update your CocoaPods installation.\" >&2\n    exit 1\nfi\n# This output is used by Xcode 'outputs' to avoid re-running this script phase.\necho \"SUCCESS\" > \"${SCRIPT_OUTPUT_FILE_0}\"\n";
			showEnvVarsInLog = 0;
		};
/* End PBXShellScriptBuildPhase section */

/* Begin PBXSourcesBuildPhase section */
		2EE6BDE62388EFCB0046B5C8 /* Sources */ = {
			isa = PBXSourcesBuildPhase;
			buildActionMask = 2147483647;
			files = (
				1CC705D52389399300D5567D /* Receipt.swift in Sources */,
				1CECE2622389EFAC003D063C /* NFCReadTestViewController.swift in Sources */,
				2EE6BDEE2388EFCB0046B5C8 /* AppDelegate.swift in Sources */,
				2EBDB9FD2388F14200A58394 /* BudgetViewController.swift in Sources */,
				2E46EAAC23897F5F00C87C76 /* NFCTestViewController.swift in Sources */,
				2EE6BDF02388EFCB0046B5C8 /* SceneDelegate.swift in Sources */,
				2EBDBA032388FAF700A58394 /* Extensions.swift in Sources */,
			);
			runOnlyForDeploymentPostprocessing = 0;
		};
		2EE6BDFC2388EFCC0046B5C8 /* Sources */ = {
			isa = PBXSourcesBuildPhase;
			buildActionMask = 2147483647;
			files = (
				2EE6BE052388EFCC0046B5C8 /* YouthHacksTests.swift in Sources */,
			);
			runOnlyForDeploymentPostprocessing = 0;
		};
		2EE6BE072388EFCC0046B5C8 /* Sources */ = {
			isa = PBXSourcesBuildPhase;
			buildActionMask = 2147483647;
			files = (
				2EE6BE102388EFCC0046B5C8 /* YouthHacksUITests.swift in Sources */,
			);
			runOnlyForDeploymentPostprocessing = 0;
		};
/* End PBXSourcesBuildPhase section */

/* Begin PBXTargetDependency section */
		2EE6BE022388EFCC0046B5C8 /* PBXTargetDependency */ = {
			isa = PBXTargetDependency;
			target = 2EE6BDE92388EFCB0046B5C8 /* YouthHacks */;
			targetProxy = 2EE6BE012388EFCC0046B5C8 /* PBXContainerItemProxy */;
		};
		2EE6BE0D2388EFCC0046B5C8 /* PBXTargetDependency */ = {
			isa = PBXTargetDependency;
			target = 2EE6BDE92388EFCB0046B5C8 /* YouthHacks */;
			targetProxy = 2EE6BE0C2388EFCC0046B5C8 /* PBXContainerItemProxy */;
		};
/* End PBXTargetDependency section */

/* Begin PBXVariantGroup section */
		2EE6BDF32388EFCB0046B5C8 /* Main.storyboard */ = {
			isa = PBXVariantGroup;
			children = (
				2EE6BDF42388EFCB0046B5C8 /* Base */,
			);
			name = Main.storyboard;
			sourceTree = "<group>";
		};
		2EE6BDF82388EFCC0046B5C8 /* LaunchScreen.storyboard */ = {
			isa = PBXVariantGroup;
			children = (
				2EE6BDF92388EFCC0046B5C8 /* Base */,
			);
			name = LaunchScreen.storyboard;
			sourceTree = "<group>";
		};
/* End PBXVariantGroup section */

/* Begin XCBuildConfiguration section */
		2EE6BE122388EFCC0046B5C8 /* Debug */ = {
			isa = XCBuildConfiguration;
			buildSettings = {
				ALWAYS_SEARCH_USER_PATHS = NO;
				CLANG_ANALYZER_NONNULL = YES;
				CLANG_ANALYZER_NUMBER_OBJECT_CONVERSION = YES_AGGRESSIVE;
				CLANG_CXX_LANGUAGE_STANDARD = "gnu++14";
				CLANG_CXX_LIBRARY = "libc++";
				CLANG_ENABLE_MODULES = YES;
				CLANG_ENABLE_OBJC_ARC = YES;
				CLANG_ENABLE_OBJC_WEAK = YES;
				CLANG_WARN_BLOCK_CAPTURE_AUTORELEASING = YES;
				CLANG_WARN_BOOL_CONVERSION = YES;
				CLANG_WARN_COMMA = YES;
				CLANG_WARN_CONSTANT_CONVERSION = YES;
				CLANG_WARN_DEPRECATED_OBJC_IMPLEMENTATIONS = YES;
				CLANG_WARN_DIRECT_OBJC_ISA_USAGE = YES_ERROR;
				CLANG_WARN_DOCUMENTATION_COMMENTS = YES;
				CLANG_WARN_EMPTY_BODY = YES;
				CLANG_WARN_ENUM_CONVERSION = YES;
				CLANG_WARN_INFINITE_RECURSION = YES;
				CLANG_WARN_INT_CONVERSION = YES;
				CLANG_WARN_NON_LITERAL_NULL_CONVERSION = YES;
				CLANG_WARN_OBJC_IMPLICIT_RETAIN_SELF = YES;
				CLANG_WARN_OBJC_LITERAL_CONVERSION = YES;
				CLANG_WARN_OBJC_ROOT_CLASS = YES_ERROR;
				CLANG_WARN_RANGE_LOOP_ANALYSIS = YES;
				CLANG_WARN_STRICT_PROTOTYPES = YES;
				CLANG_WARN_SUSPICIOUS_MOVE = YES;
				CLANG_WARN_UNGUARDED_AVAILABILITY = YES_AGGRESSIVE;
				CLANG_WARN_UNREACHABLE_CODE = YES;
				CLANG_WARN__DUPLICATE_METHOD_MATCH = YES;
				COPY_PHASE_STRIP = NO;
				DEBUG_INFORMATION_FORMAT = dwarf;
				ENABLE_STRICT_OBJC_MSGSEND = YES;
				ENABLE_TESTABILITY = YES;
				GCC_C_LANGUAGE_STANDARD = gnu11;
				GCC_DYNAMIC_NO_PIC = NO;
				GCC_NO_COMMON_BLOCKS = YES;
				GCC_OPTIMIZATION_LEVEL = 0;
				GCC_PREPROCESSOR_DEFINITIONS = (
					"DEBUG=1",
					"$(inherited)",
				);
				GCC_WARN_64_TO_32_BIT_CONVERSION = YES;
				GCC_WARN_ABOUT_RETURN_TYPE = YES_ERROR;
				GCC_WARN_UNDECLARED_SELECTOR = YES;
				GCC_WARN_UNINITIALIZED_AUTOS = YES_AGGRESSIVE;
				GCC_WARN_UNUSED_FUNCTION = YES;
				GCC_WARN_UNUSED_VARIABLE = YES;
				IPHONEOS_DEPLOYMENT_TARGET = 13.2;
				MTL_ENABLE_DEBUG_INFO = INCLUDE_SOURCE;
				MTL_FAST_MATH = YES;
				ONLY_ACTIVE_ARCH = YES;
				SDKROOT = iphoneos;
				SWIFT_ACTIVE_COMPILATION_CONDITIONS = DEBUG;
				SWIFT_OPTIMIZATION_LEVEL = "-Onone";
			};
			name = Debug;
		};
		2EE6BE132388EFCC0046B5C8 /* Release */ = {
			isa = XCBuildConfiguration;
			buildSettings = {
				ALWAYS_SEARCH_USER_PATHS = NO;
				CLANG_ANALYZER_NONNULL = YES;
				CLANG_ANALYZER_NUMBER_OBJECT_CONVERSION = YES_AGGRESSIVE;
				CLANG_CXX_LANGUAGE_STANDARD = "gnu++14";
				CLANG_CXX_LIBRARY = "libc++";
				CLANG_ENABLE_MODULES = YES;
				CLANG_ENABLE_OBJC_ARC = YES;
				CLANG_ENABLE_OBJC_WEAK = YES;
				CLANG_WARN_BLOCK_CAPTURE_AUTORELEASING = YES;
				CLANG_WARN_BOOL_CONVERSION = YES;
				CLANG_WARN_COMMA = YES;
				CLANG_WARN_CONSTANT_CONVERSION = YES;
				CLANG_WARN_DEPRECATED_OBJC_IMPLEMENTATIONS = YES;
				CLANG_WARN_DIRECT_OBJC_ISA_USAGE = YES_ERROR;
				CLANG_WARN_DOCUMENTATION_COMMENTS = YES;
				CLANG_WARN_EMPTY_BODY = YES;
				CLANG_WARN_ENUM_CONVERSION = YES;
				CLANG_WARN_INFINITE_RECURSION = YES;
				CLANG_WARN_INT_CONVERSION = YES;
				CLANG_WARN_NON_LITERAL_NULL_CONVERSION = YES;
				CLANG_WARN_OBJC_IMPLICIT_RETAIN_SELF = YES;
				CLANG_WARN_OBJC_LITERAL_CONVERSION = YES;
				CLANG_WARN_OBJC_ROOT_CLASS = YES_ERROR;
				CLANG_WARN_RANGE_LOOP_ANALYSIS = YES;
				CLANG_WARN_STRICT_PROTOTYPES = YES;
				CLANG_WARN_SUSPICIOUS_MOVE = YES;
				CLANG_WARN_UNGUARDED_AVAILABILITY = YES_AGGRESSIVE;
				CLANG_WARN_UNREACHABLE_CODE = YES;
				CLANG_WARN__DUPLICATE_METHOD_MATCH = YES;
				COPY_PHASE_STRIP = NO;
				DEBUG_INFORMATION_FORMAT = "dwarf-with-dsym";
				ENABLE_NS_ASSERTIONS = NO;
				ENABLE_STRICT_OBJC_MSGSEND = YES;
				GCC_C_LANGUAGE_STANDARD = gnu11;
				GCC_NO_COMMON_BLOCKS = YES;
				GCC_WARN_64_TO_32_BIT_CONVERSION = YES;
				GCC_WARN_ABOUT_RETURN_TYPE = YES_ERROR;
				GCC_WARN_UNDECLARED_SELECTOR = YES;
				GCC_WARN_UNINITIALIZED_AUTOS = YES_AGGRESSIVE;
				GCC_WARN_UNUSED_FUNCTION = YES;
				GCC_WARN_UNUSED_VARIABLE = YES;
				IPHONEOS_DEPLOYMENT_TARGET = 13.2;
				MTL_ENABLE_DEBUG_INFO = NO;
				MTL_FAST_MATH = YES;
				SDKROOT = iphoneos;
				SWIFT_COMPILATION_MODE = wholemodule;
				SWIFT_OPTIMIZATION_LEVEL = "-O";
				VALIDATE_PRODUCT = YES;
			};
			name = Release;
		};
		2EE6BE152388EFCC0046B5C8 /* Debug */ = {
			isa = XCBuildConfiguration;
			baseConfigurationReference = 352886E8ADEFCAB5BA3F6F07 /* Pods-YouthHacks.debug.xcconfig */;
			buildSettings = {
				ASSETCATALOG_COMPILER_APPICON_NAME = AppIcon;
				CODE_SIGN_ENTITLEMENTS = YouthHacks/YouthHacks.entitlements;
				CODE_SIGN_IDENTITY = "Apple Development";
				CODE_SIGN_STYLE = Automatic;
				DEVELOPMENT_TEAM = 7K6ZTDFM48;
				INFOPLIST_FILE = YouthHacks/Info.plist;
				LD_RUNPATH_SEARCH_PATHS = (
					"$(inherited)",
					"@executable_path/Frameworks",
				);
				PRODUCT_BUNDLE_IDENTIFIER = robinvvinod2019.YouthHacks;
				PRODUCT_NAME = "$(TARGET_NAME)";
				PROVISIONING_PROFILE_SPECIFIER = "";
				SWIFT_VERSION = 5.0;
				TARGETED_DEVICE_FAMILY = "1,2";
			};
			name = Debug;
		};
		2EE6BE162388EFCC0046B5C8 /* Release */ = {
			isa = XCBuildConfiguration;
			baseConfigurationReference = DD5257A23301AD522A0BBA62 /* Pods-YouthHacks.release.xcconfig */;
			buildSettings = {
				ASSETCATALOG_COMPILER_APPICON_NAME = AppIcon;
				CODE_SIGN_ENTITLEMENTS = YouthHacks/YouthHacks.entitlements;
				CODE_SIGN_STYLE = Automatic;
				DEVELOPMENT_TEAM = 7K6ZTDFM48;
				INFOPLIST_FILE = YouthHacks/Info.plist;
				LD_RUNPATH_SEARCH_PATHS = (
					"$(inherited)",
					"@executable_path/Frameworks",
				);
				PRODUCT_BUNDLE_IDENTIFIER = robinvvinod2019.YouthHacks;
				PRODUCT_NAME = "$(TARGET_NAME)";
				SWIFT_VERSION = 5.0;
				TARGETED_DEVICE_FAMILY = "1,2";
			};
			name = Release;
		};
		2EE6BE182388EFCC0046B5C8 /* Debug */ = {
			isa = XCBuildConfiguration;
			baseConfigurationReference = B8B84BFEBE95822E7D38E5D8 /* Pods-YouthHacksTests.debug.xcconfig */;
			buildSettings = {
				ALWAYS_EMBED_SWIFT_STANDARD_LIBRARIES = YES;
				BUNDLE_LOADER = "$(TEST_HOST)";
				CODE_SIGN_STYLE = Automatic;
				DEVELOPMENT_TEAM = VZXYRBYE78;
				INFOPLIST_FILE = YouthHacksTests/Info.plist;
				IPHONEOS_DEPLOYMENT_TARGET = 13.2;
				LD_RUNPATH_SEARCH_PATHS = (
					"$(inherited)",
					"@executable_path/Frameworks",
					"@loader_path/Frameworks",
				);
				PRODUCT_BUNDLE_IDENTIFIER = robinvvinod.YouthHacksTests;
				PRODUCT_NAME = "$(TARGET_NAME)";
				SWIFT_VERSION = 5.0;
				TARGETED_DEVICE_FAMILY = "1,2";
				TEST_HOST = "$(BUILT_PRODUCTS_DIR)/YouthHacks.app/YouthHacks";
			};
			name = Debug;
		};
		2EE6BE192388EFCC0046B5C8 /* Release */ = {
			isa = XCBuildConfiguration;
			baseConfigurationReference = C57B7071767DB0166C7F7175 /* Pods-YouthHacksTests.release.xcconfig */;
			buildSettings = {
				ALWAYS_EMBED_SWIFT_STANDARD_LIBRARIES = YES;
				BUNDLE_LOADER = "$(TEST_HOST)";
				CODE_SIGN_STYLE = Automatic;
				DEVELOPMENT_TEAM = VZXYRBYE78;
				INFOPLIST_FILE = YouthHacksTests/Info.plist;
				IPHONEOS_DEPLOYMENT_TARGET = 13.2;
				LD_RUNPATH_SEARCH_PATHS = (
					"$(inherited)",
					"@executable_path/Frameworks",
					"@loader_path/Frameworks",
				);
				PRODUCT_BUNDLE_IDENTIFIER = robinvvinod.YouthHacksTests;
				PRODUCT_NAME = "$(TARGET_NAME)";
				SWIFT_VERSION = 5.0;
				TARGETED_DEVICE_FAMILY = "1,2";
				TEST_HOST = "$(BUILT_PRODUCTS_DIR)/YouthHacks.app/YouthHacks";
			};
			name = Release;
		};
		2EE6BE1B2388EFCC0046B5C8 /* Debug */ = {
			isa = XCBuildConfiguration;
			baseConfigurationReference = 05A73F9A86F19DA97A7EFB7F /* Pods-YouthHacks-YouthHacksUITests.debug.xcconfig */;
			buildSettings = {
				ALWAYS_EMBED_SWIFT_STANDARD_LIBRARIES = YES;
				CODE_SIGN_STYLE = Automatic;
				DEVELOPMENT_TEAM = VZXYRBYE78;
				INFOPLIST_FILE = YouthHacksUITests/Info.plist;
				LD_RUNPATH_SEARCH_PATHS = (
					"$(inherited)",
					"@executable_path/Frameworks",
					"@loader_path/Frameworks",
				);
				PRODUCT_BUNDLE_IDENTIFIER = robinvvinod.YouthHacksUITests;
				PRODUCT_NAME = "$(TARGET_NAME)";
				SWIFT_VERSION = 5.0;
				TARGETED_DEVICE_FAMILY = "1,2";
				TEST_TARGET_NAME = YouthHacks;
			};
			name = Debug;
		};
		2EE6BE1C2388EFCC0046B5C8 /* Release */ = {
			isa = XCBuildConfiguration;
			baseConfigurationReference = D544A954B4BBA7A4234037AB /* Pods-YouthHacks-YouthHacksUITests.release.xcconfig */;
			buildSettings = {
				ALWAYS_EMBED_SWIFT_STANDARD_LIBRARIES = YES;
				CODE_SIGN_STYLE = Automatic;
				DEVELOPMENT_TEAM = VZXYRBYE78;
				INFOPLIST_FILE = YouthHacksUITests/Info.plist;
				LD_RUNPATH_SEARCH_PATHS = (
					"$(inherited)",
					"@executable_path/Frameworks",
					"@loader_path/Frameworks",
				);
				PRODUCT_BUNDLE_IDENTIFIER = robinvvinod.YouthHacksUITests;
				PRODUCT_NAME = "$(TARGET_NAME)";
				SWIFT_VERSION = 5.0;
				TARGETED_DEVICE_FAMILY = "1,2";
				TEST_TARGET_NAME = YouthHacks;
			};
			name = Release;
		};
/* End XCBuildConfiguration section */

/* Begin XCConfigurationList section */
		2EE6BDE52388EFCB0046B5C8 /* Build configuration list for PBXProject "YouthHacks" */ = {
			isa = XCConfigurationList;
			buildConfigurations = (
				2EE6BE122388EFCC0046B5C8 /* Debug */,
				2EE6BE132388EFCC0046B5C8 /* Release */,
			);
			defaultConfigurationIsVisible = 0;
			defaultConfigurationName = Release;
		};
		2EE6BE142388EFCC0046B5C8 /* Build configuration list for PBXNativeTarget "YouthHacks" */ = {
			isa = XCConfigurationList;
			buildConfigurations = (
				2EE6BE152388EFCC0046B5C8 /* Debug */,
				2EE6BE162388EFCC0046B5C8 /* Release */,
			);
			defaultConfigurationIsVisible = 0;
			defaultConfigurationName = Release;
		};
		2EE6BE172388EFCC0046B5C8 /* Build configuration list for PBXNativeTarget "YouthHacksTests" */ = {
			isa = XCConfigurationList;
			buildConfigurations = (
				2EE6BE182388EFCC0046B5C8 /* Debug */,
				2EE6BE192388EFCC0046B5C8 /* Release */,
			);
			defaultConfigurationIsVisible = 0;
			defaultConfigurationName = Release;
		};
		2EE6BE1A2388EFCC0046B5C8 /* Build configuration list for PBXNativeTarget "YouthHacksUITests" */ = {
			isa = XCConfigurationList;
			buildConfigurations = (
				2EE6BE1B2388EFCC0046B5C8 /* Debug */,
				2EE6BE1C2388EFCC0046B5C8 /* Release */,
			);
			defaultConfigurationIsVisible = 0;
			defaultConfigurationName = Release;
		};
/* End XCConfigurationList section */
	};
	rootObject = 2EE6BDE22388EFCB0046B5C8 /* Project object */;
}
